PODS:
  - CocoaLumberjack (2.2.0):
    - CocoaLumberjack/Default (= 2.2.0)
    - CocoaLumberjack/Extensions (= 2.2.0)
  - CocoaLumberjack/Core (2.2.0)
  - CocoaLumberjack/Default (2.2.0):
    - CocoaLumberjack/Core
  - CocoaLumberjack/Extensions (2.2.0):
    - CocoaLumberjack/Default
  - Nimble (3.2.0)
  - PubNub (4.3.0):
    - CocoaLumberjack (= 2.2.0)
    - PubNub/Core (= 4.3.0)
  - PubNub/Core (4.3.0):
    - CocoaLumberjack (= 2.2.0)
  - PubNubSimpleHistory (0.1.0):
    - PubNub
  - Quick (0.9.1)

DEPENDENCIES:
  - Nimble (~> 3.0)
  - PubNubSimpleHistory (from `../`)
  - Quick (~> 0.8)

EXTERNAL SOURCES:
  PubNubSimpleHistory:
    :path: ../

SPEC CHECKSUMS:
  CocoaLumberjack: 17fe8581f84914d5d7e6360f7c70022b173c3ae0
  Nimble: 703854335d181df169bbca9c97117b5cf8c47c1d
  PubNub: a05f2a2c6cc1f637a0c473f236c4671c0b8c09b1
  PubNubSimpleHistory: 22c18ea2bcdd6f2b9c55242ac06d423c9d90bca7
  Quick: a5221fc21788b6aeda934805e68b061839bc3165

COCOAPODS: 0.39.0
